
Microsoft Visual Studio Solution File, Format Version 12.00
# Visual Studio Version 17
VisualStudioVersion = 17.8.34316.72
MinimumVisualStudioVersion = 10.0.40219.1
Project("{FAE04EC0-301F-11D3-BF4B-00C04F79EFBC}") = "backend", "backend.csproj", "{18881728-4B36-4D41-9C47-82710FE2FE85}"
EndProject
Global
	GlobalSection(SolutionConfigurationPlatforms) = preSolution
		Debug|Any CPU = Debug|Any CPU
		Release|Any CPU = Release|Any CPU
	EndGlobalSection
	GlobalSection(ProjectConfigurationPlatforms) = postSolution
		{18881728-4B36-4D41-9C47-82710FE2FE85}.Debug|Any CPU.ActiveCfg = Debug|Any CPU
		{18881728-4B36-4D41-9C47-82710FE2FE85}.Debug|Any CPU.Build.0 = Debug|Any CPU
		{18881728-4B36-4D41-9C47-82710FE2FE85}.Release|Any CPU.ActiveCfg = Release|Any CPU
		{18881728-4B36-4D41-9C47-82710FE2FE85}.Release|Any CPU.Build.0 = Release|Any CPU
	EndGlobalSection
	GlobalSection(SolutionProperties) = preSolution
		HideSolutionNode = FALSE
	EndGlobalSection
	GlobalSection(ExtensibilityGlobals) = postSolution
		SolutionGuid = {A8D65CF7-0EAB-4504-A53A-43303CA3DB75}
	EndGlobalSection
EndGlobal
